// !$*UTF8*$!
{
	archiveVersion = 1;
	classes = {
	};
	objectVersion = 46;
	objects = {

/* Begin PBXBuildFile section */
		831CCAC31CC36AD100DEF69E /* AppDelegate.swift in Sources */ = {isa = PBXBuildFile; fileRef = 831CCAC21CC36AD100DEF69E /* AppDelegate.swift */; };
		831CCAC51CC36AD100DEF69E /* LoginViewController.swift in Sources */ = {isa = PBXBuildFile; fileRef = 831CCAC41CC36AD100DEF69E /* LoginViewController.swift */; };
		831CCACA1CC36AD100DEF69E /* Assets.xcassets in Resources */ = {isa = PBXBuildFile; fileRef = 831CCAC91CC36AD100DEF69E /* Assets.xcassets */; };
		831CCACD1CC36AD100DEF69E /* LaunchScreen.storyboard in Resources */ = {isa = PBXBuildFile; fileRef = 831CCACB1CC36AD100DEF69E /* LaunchScreen.storyboard */; };
		831CCAD61CC36E4200DEF69E /* Alamofire.framework in Frameworks */ = {isa = PBXBuildFile; fileRef = 831CCAD41CC36E4200DEF69E /* Alamofire.framework */; };
		831CCADB1CC36F0B00DEF69E /* BIT.swift in Sources */ = {isa = PBXBuildFile; fileRef = 831CCADA1CC36F0B00DEF69E /* BIT.swift */; };
		8337B9D01D03F10300173E44 /* Fuzi.framework in Frameworks */ = {isa = PBXBuildFile; fileRef = 8337B9CF1D03F10300173E44 /* Fuzi.framework */; };
		8337B9D61D04246900173E44 /* SelfServiceViewController.swift in Sources */ = {isa = PBXBuildFile; fileRef = 8337B9D51D04246900173E44 /* SelfServiceViewController.swift */; };
		8337B9D91D042BA500173E44 /* AlamofireImage.framework in Frameworks */ = {isa = PBXBuildFile; fileRef = 8337B9D81D042BA500173E44 /* AlamofireImage.framework */; };
		834783801CDE2A03001FE820 /* Double+Bon.swift in Sources */ = {isa = PBXBuildFile; fileRef = 8347837F1CDE2A03001FE820 /* Double+Bon.swift */; };
		836276381CC627380010D34B /* UsedDataRateViewController.swift in Sources */ = {isa = PBXBuildFile; fileRef = 836276371CC627380010D34B /* UsedDataRateViewController.swift */; };
		8362763C1CC62CF40010D34B /* WaveLoadingIndicator.swift in Sources */ = {isa = PBXBuildFile; fileRef = 836276391CC62CF40010D34B /* WaveLoadingIndicator.swift */; };
		836276451CC71A2A0010D34B /* SettingsViewController.swift in Sources */ = {isa = PBXBuildFile; fileRef = 836276441CC71A2A0010D34B /* SettingsViewController.swift */; };
		836276481CC71A420010D34B /* AboutViewController.swift in Sources */ = {isa = PBXBuildFile; fileRef = 836276471CC71A420010D34B /* AboutViewController.swift */; };
		8362764C1CC71B4F0010D34B /* UIColor+Bon.swift in Sources */ = {isa = PBXBuildFile; fileRef = 8362764B1CC71B4F0010D34B /* UIColor+Bon.swift */; };
		8362764F1CC72F370010D34B /* ProfileViewController.swift in Sources */ = {isa = PBXBuildFile; fileRef = 8362764E1CC72F370010D34B /* ProfileViewController.swift */; };
		8368215C1CC4F4F3004C43C1 /* BonAlert.swift in Sources */ = {isa = PBXBuildFile; fileRef = 8368215B1CC4F4F3004C43C1 /* BonAlert.swift */; };
		8368215E1CC4F5D7004C43C1 /* Main.storyboard in Resources */ = {isa = PBXBuildFile; fileRef = 8368215D1CC4F5D7004C43C1 /* Main.storyboard */; };
		836821651CC502A3004C43C1 /* String+Bon.swift in Sources */ = {isa = PBXBuildFile; fileRef = 836821641CC502A3004C43C1 /* String+Bon.swift */; };
		838150A21CCA73F1001B7009 /* NSDate+Bon.swift in Sources */ = {isa = PBXBuildFile; fileRef = 838150A11CCA73F1001B7009 /* NSDate+Bon.swift */; };
		838150A51CCA7705001B7009 /* InfoViewController.swift in Sources */ = {isa = PBXBuildFile; fileRef = 838150A41CCA7705001B7009 /* InfoViewController.swift */; };
		83A464D41CF09C09003CD677 /* BonFormat.swift in Sources */ = {isa = PBXBuildFile; fileRef = 83A464D31CF09C09003CD677 /* BonFormat.swift */; };
		83C5F9F61CC92B3C00183D93 /* BonNavigationController.swift in Sources */ = {isa = PBXBuildFile; fileRef = 83C5F9F51CC92B3C00183D93 /* BonNavigationController.swift */; };
		83C5F9FC1CC93FEE00183D93 /* UILabel+Bon.swift in Sources */ = {isa = PBXBuildFile; fileRef = 83C5F9FB1CC93FEE00183D93 /* UILabel+Bon.swift */; };
		83F62AE71CCCD16500484E60 /* BonNetwork.swift in Sources */ = {isa = PBXBuildFile; fileRef = 83F62AE61CCCD16500484E60 /* BonNetwork.swift */; };
		83F62AEB1CCCF31E00484E60 /* UIButton+Bon.swift in Sources */ = {isa = PBXBuildFile; fileRef = 83F62AEA1CCCF31E00484E60 /* UIButton+Bon.swift */; };
		83F62AED1CCD196F00484E60 /* Settings.storyboard in Resources */ = {isa = PBXBuildFile; fileRef = 83F62AEC1CCD196F00484E60 /* Settings.storyboard */; };
		83F88C431CC5FAFD005B4786 /* BonDelay.swift in Sources */ = {isa = PBXBuildFile; fileRef = 83F88C421CC5FAFD005B4786 /* BonDelay.swift */; };
		83F88C451CC5FD03005B4786 /* BonRegex.swift in Sources */ = {isa = PBXBuildFile; fileRef = 83F88C441CC5FD03005B4786 /* BonRegex.swift */; };
		83F88C471CC60C9A005B4786 /* BonConfig.swift in Sources */ = {isa = PBXBuildFile; fileRef = 83F88C461CC60C9A005B4786 /* BonConfig.swift */; };
		83F88C4D1CC610F5005B4786 /* BonUserDefaults.swift in Sources */ = {isa = PBXBuildFile; fileRef = 83F88C4C1CC610F5005B4786 /* BonUserDefaults.swift */; };
/* End PBXBuildFile section */

/* Begin PBXFileReference section */
		831CCABF1CC36AD100DEF69E /* Bon.app */ = {isa = PBXFileReference; explicitFileType = wrapper.application; includeInIndex = 0; path = Bon.app; sourceTree = BUILT_PRODUCTS_DIR; };
		831CCAC21CC36AD100DEF69E /* AppDelegate.swift */ = {isa = PBXFileReference; lastKnownFileType = sourcecode.swift; path = AppDelegate.swift; sourceTree = "<group>"; };
		831CCAC41CC36AD100DEF69E /* LoginViewController.swift */ = {isa = PBXFileReference; lastKnownFileType = sourcecode.swift; path = LoginViewController.swift; sourceTree = "<group>"; };
		831CCAC91CC36AD100DEF69E /* Assets.xcassets */ = {isa = PBXFileReference; lastKnownFileType = folder.assetcatalog; path = Assets.xcassets; sourceTree = "<group>"; };
		831CCACC1CC36AD100DEF69E /* Base */ = {isa = PBXFileReference; lastKnownFileType = file.storyboard; name = Base; path = Base.lproj/LaunchScreen.storyboard; sourceTree = "<group>"; };
		831CCACE1CC36AD100DEF69E /* Info.plist */ = {isa = PBXFileReference; lastKnownFileType = text.plist.xml; path = Info.plist; sourceTree = "<group>"; };
		831CCAD41CC36E4200DEF69E /* Alamofire.framework */ = {isa = PBXFileReference; lastKnownFileType = wrapper.framework; name = Alamofire.framework; path = Carthage/Build/iOS/Alamofire.framework; sourceTree = "<group>"; };
		831CCADA1CC36F0B00DEF69E /* BIT.swift */ = {isa = PBXFileReference; fileEncoding = 4; lastKnownFileType = sourcecode.swift; path = BIT.swift; sourceTree = "<group>"; };
		8337B9CF1D03F10300173E44 /* Fuzi.framework */ = {isa = PBXFileReference; lastKnownFileType = wrapper.framework; name = Fuzi.framework; path = Carthage/Build/iOS/Fuzi.framework; sourceTree = "<group>"; };
		8337B9D51D04246900173E44 /* SelfServiceViewController.swift */ = {isa = PBXFileReference; fileEncoding = 4; lastKnownFileType = sourcecode.swift; path = SelfServiceViewController.swift; sourceTree = "<group>"; };
		8337B9D81D042BA500173E44 /* AlamofireImage.framework */ = {isa = PBXFileReference; lastKnownFileType = wrapper.framework; name = AlamofireImage.framework; path = Carthage/Build/iOS/AlamofireImage.framework; sourceTree = "<group>"; };
		8347837F1CDE2A03001FE820 /* Double+Bon.swift */ = {isa = PBXFileReference; fileEncoding = 4; lastKnownFileType = sourcecode.swift; path = "Double+Bon.swift"; sourceTree = "<group>"; };
		836276371CC627380010D34B /* UsedDataRateViewController.swift */ = {isa = PBXFileReference; fileEncoding = 4; lastKnownFileType = sourcecode.swift; path = UsedDataRateViewController.swift; sourceTree = "<group>"; };
		836276391CC62CF40010D34B /* WaveLoadingIndicator.swift */ = {isa = PBXFileReference; fileEncoding = 4; lastKnownFileType = sourcecode.swift; path = WaveLoadingIndicator.swift; sourceTree = "<group>"; };
		836276441CC71A2A0010D34B /* SettingsViewController.swift */ = {isa = PBXFileReference; fileEncoding = 4; lastKnownFileType = sourcecode.swift; path = SettingsViewController.swift; sourceTree = "<group>"; };
		836276471CC71A420010D34B /* AboutViewController.swift */ = {isa = PBXFileReference; fileEncoding = 4; lastKnownFileType = sourcecode.swift; path = AboutViewController.swift; sourceTree = "<group>"; };
		8362764B1CC71B4F0010D34B /* UIColor+Bon.swift */ = {isa = PBXFileReference; fileEncoding = 4; lastKnownFileType = sourcecode.swift; path = "UIColor+Bon.swift"; sourceTree = "<group>"; };
		8362764E1CC72F370010D34B /* ProfileViewController.swift */ = {isa = PBXFileReference; fileEncoding = 4; lastKnownFileType = sourcecode.swift; path = ProfileViewController.swift; sourceTree = "<group>"; };
		8368215B1CC4F4F3004C43C1 /* BonAlert.swift */ = {isa = PBXFileReference; fileEncoding = 4; lastKnownFileType = sourcecode.swift; path = BonAlert.swift; sourceTree = "<group>"; };
		8368215D1CC4F5D7004C43C1 /* Main.storyboard */ = {isa = PBXFileReference; fileEncoding = 4; lastKnownFileType = file.storyboard; path = Main.storyboard; sourceTree = "<group>"; };
		836821641CC502A3004C43C1 /* String+Bon.swift */ = {isa = PBXFileReference; fileEncoding = 4; lastKnownFileType = sourcecode.swift; path = "String+Bon.swift"; sourceTree = "<group>"; };
		838150A11CCA73F1001B7009 /* NSDate+Bon.swift */ = {isa = PBXFileReference; fileEncoding = 4; lastKnownFileType = sourcecode.swift; path = "NSDate+Bon.swift"; sourceTree = "<group>"; };
		838150A41CCA7705001B7009 /* InfoViewController.swift */ = {isa = PBXFileReference; fileEncoding = 4; lastKnownFileType = sourcecode.swift; path = InfoViewController.swift; sourceTree = "<group>"; };
		83A464D31CF09C09003CD677 /* BonFormat.swift */ = {isa = PBXFileReference; fileEncoding = 4; lastKnownFileType = sourcecode.swift; path = BonFormat.swift; sourceTree = "<group>"; };
		83C5F9F51CC92B3C00183D93 /* BonNavigationController.swift */ = {isa = PBXFileReference; fileEncoding = 4; lastKnownFileType = sourcecode.swift; path = BonNavigationController.swift; sourceTree = "<group>"; };
		83C5F9FB1CC93FEE00183D93 /* UILabel+Bon.swift */ = {isa = PBXFileReference; fileEncoding = 4; lastKnownFileType = sourcecode.swift; path = "UILabel+Bon.swift"; sourceTree = "<group>"; };
		83F62AE61CCCD16500484E60 /* BonNetwork.swift */ = {isa = PBXFileReference; fileEncoding = 4; lastKnownFileType = sourcecode.swift; path = BonNetwork.swift; sourceTree = "<group>"; };
		83F62AEA1CCCF31E00484E60 /* UIButton+Bon.swift */ = {isa = PBXFileReference; fileEncoding = 4; lastKnownFileType = sourcecode.swift; path = "UIButton+Bon.swift"; sourceTree = "<group>"; };
		83F62AEC1CCD196F00484E60 /* Settings.storyboard */ = {isa = PBXFileReference; fileEncoding = 4; lastKnownFileType = file.storyboard; path = Settings.storyboard; sourceTree = "<group>"; };
		83F88C421CC5FAFD005B4786 /* BonDelay.swift */ = {isa = PBXFileReference; fileEncoding = 4; lastKnownFileType = sourcecode.swift; path = BonDelay.swift; sourceTree = "<group>"; };
		83F88C441CC5FD03005B4786 /* BonRegex.swift */ = {isa = PBXFileReference; fileEncoding = 4; lastKnownFileType = sourcecode.swift; path = BonRegex.swift; sourceTree = "<group>"; };
		83F88C461CC60C9A005B4786 /* BonConfig.swift */ = {isa = PBXFileReference; fileEncoding = 4; lastKnownFileType = sourcecode.swift; path = BonConfig.swift; sourceTree = "<group>"; };
		83F88C4C1CC610F5005B4786 /* BonUserDefaults.swift */ = {isa = PBXFileReference; fileEncoding = 4; lastKnownFileType = sourcecode.swift; path = BonUserDefaults.swift; sourceTree = "<group>"; };
/* End PBXFileReference section */

/* Begin PBXFrameworksBuildPhase section */
		831CCABC1CC36AD100DEF69E /* Frameworks */ = {
			isa = PBXFrameworksBuildPhase;
			buildActionMask = 2147483647;
			files = (
				8337B9D91D042BA500173E44 /* AlamofireImage.framework in Frameworks */,
				8337B9D01D03F10300173E44 /* Fuzi.framework in Frameworks */,
				831CCAD61CC36E4200DEF69E /* Alamofire.framework in Frameworks */,
			);
			runOnlyForDeploymentPostprocessing = 0;
		};
/* End PBXFrameworksBuildPhase section */

/* Begin PBXGroup section */
		831CCAB61CC36AD100DEF69E = {
			isa = PBXGroup;
			children = (
				8337B9D81D042BA500173E44 /* AlamofireImage.framework */,
				831CCAC11CC36AD100DEF69E /* Bon */,
				831CCAC01CC36AD100DEF69E /* Products */,
			);
			sourceTree = "<group>";
		};
		831CCAC01CC36AD100DEF69E /* Products */ = {
			isa = PBXGroup;
			children = (
				831CCABF1CC36AD100DEF69E /* Bon.app */,
			);
			name = Products;
			sourceTree = "<group>";
		};
		831CCAC11CC36AD100DEF69E /* Bon */ = {
			isa = PBXGroup;
			children = (
				831CCAC21CC36AD100DEF69E /* AppDelegate.swift */,
				836821581CC4F36E004C43C1 /* Helpers */,
				836821661CC50AF5004C43C1 /* Configs */,
				836821591CC4F376004C43C1 /* Services */,
				836821631CC50277004C43C1 /* Extensions */,
				83347F2A1CD5CEB800A020E2 /* Views */,
				8368215A1CC4F3C0004C43C1 /* ViewControllers */,
				831CCAC91CC36AD100DEF69E /* Assets.xcassets */,
				836821611CC4F7B3004C43C1 /* Supporting Files */,
				831CCAD91CC36EC800DEF69E /* Frameworks */,
			);
			path = Bon;
			sourceTree = "<group>";
		};
		831CCAD91CC36EC800DEF69E /* Frameworks */ = {
			isa = PBXGroup;
			children = (
				8337B9CF1D03F10300173E44 /* Fuzi.framework */,
				831CCAD41CC36E4200DEF69E /* Alamofire.framework */,
			);
			name = Frameworks;
			path = ..;
			sourceTree = "<group>";
		};
		83347F2A1CD5CEB800A020E2 /* Views */ = {
			isa = PBXGroup;
			children = (
			);
			name = Views;
			sourceTree = "<group>";
		};
		8337B9D71D04247200173E44 /* Self-Service */ = {
			isa = PBXGroup;
			children = (
				8337B9D51D04246900173E44 /* SelfServiceViewController.swift */,
			);
			name = "Self-Service";
			sourceTree = "<group>";
		};
		834CFD4F1CCA099300969483 /* Navigation */ = {
			isa = PBXGroup;
			children = (
				83C5F9F51CC92B3C00183D93 /* BonNavigationController.swift */,
			);
			name = Navigation;
			sourceTree = "<group>";
		};
		8362763F1CC62D060010D34B /* WaveLoadingView */ = {
			isa = PBXGroup;
			children = (
				836276391CC62CF40010D34B /* WaveLoadingIndicator.swift */,
			);
			name = WaveLoadingView;
			sourceTree = "<group>";
		};
		836276401CC653260010D34B /* Profile */ = {
			isa = PBXGroup;
			children = (
				8362764E1CC72F370010D34B /* ProfileViewController.swift */,
			);
			name = Profile;
			sourceTree = "<group>";
		};
		836276431CC68C1D0010D34B /* Login */ = {
			isa = PBXGroup;
			children = (
				831CCAC41CC36AD100DEF69E /* LoginViewController.swift */,
			);
			name = Login;
			sourceTree = "<group>";
		};
		836276461CC71A300010D34B /* Setting */ = {
			isa = PBXGroup;
			children = (
				836276441CC71A2A0010D34B /* SettingsViewController.swift */,
				83F62AEC1CCD196F00484E60 /* Settings.storyboard */,
			);
			name = Setting;
			sourceTree = "<group>";
		};
		836276491CC71A520010D34B /* About */ = {
			isa = PBXGroup;
			children = (
				836276471CC71A420010D34B /* AboutViewController.swift */,
			);
			name = About;
			sourceTree = "<group>";
		};
		8362764D1CC72CF00010D34B /* Data */ = {
			isa = PBXGroup;
			children = (
				836276371CC627380010D34B /* UsedDataRateViewController.swift */,
				8362763F1CC62D060010D34B /* WaveLoadingView */,
			);
			name = Data;
			sourceTree = "<group>";
		};
		836821581CC4F36E004C43C1 /* Helpers */ = {
			isa = PBXGroup;
			children = (
				8368215B1CC4F4F3004C43C1 /* BonAlert.swift */,
				83F88C421CC5FAFD005B4786 /* BonDelay.swift */,
				83F88C441CC5FD03005B4786 /* BonRegex.swift */,
				83A464D31CF09C09003CD677 /* BonFormat.swift */,
				83F88C4C1CC610F5005B4786 /* BonUserDefaults.swift */,
			);
			name = Helpers;
			sourceTree = "<group>";
		};
		836821591CC4F376004C43C1 /* Services */ = {
			isa = PBXGroup;
			children = (
				831CCADA1CC36F0B00DEF69E /* BIT.swift */,
				83F62AE61CCCD16500484E60 /* BonNetwork.swift */,
			);
			name = Services;
			sourceTree = "<group>";
		};
		8368215A1CC4F3C0004C43C1 /* ViewControllers */ = {
			isa = PBXGroup;
			children = (
				834CFD4F1CCA099300969483 /* Navigation */,
				836276431CC68C1D0010D34B /* Login */,
				8362764D1CC72CF00010D34B /* Data */,
				8337B9D71D04247200173E44 /* Self-Service */,
				838150A31CCA76D2001B7009 /* Info */,
				836276401CC653260010D34B /* Profile */,
				836276461CC71A300010D34B /* Setting */,
				836276491CC71A520010D34B /* About */,
				836821621CC4F7CF004C43C1 /* Storyboard */,
			);
			name = ViewControllers;
			sourceTree = "<group>";
		};
		836821611CC4F7B3004C43C1 /* Supporting Files */ = {
			isa = PBXGroup;
			children = (
				831CCACE1CC36AD100DEF69E /* Info.plist */,
			);
			name = "Supporting Files";
			sourceTree = "<group>";
		};
		836821621CC4F7CF004C43C1 /* Storyboard */ = {
			isa = PBXGroup;
			children = (
				8368215D1CC4F5D7004C43C1 /* Main.storyboard */,
				831CCACB1CC36AD100DEF69E /* LaunchScreen.storyboard */,
			);
			name = Storyboard;
			sourceTree = "<group>";
		};
		836821631CC50277004C43C1 /* Extensions */ = {
			isa = PBXGroup;
			children = (
				8347837F1CDE2A03001FE820 /* Double+Bon.swift */,
				836821641CC502A3004C43C1 /* String+Bon.swift */,
				8362764B1CC71B4F0010D34B /* UIColor+Bon.swift */,
				83C5F9FB1CC93FEE00183D93 /* UILabel+Bon.swift */,
				838150A11CCA73F1001B7009 /* NSDate+Bon.swift */,
				83F62AEA1CCCF31E00484E60 /* UIButton+Bon.swift */,
			);
			name = Extensions;
			sourceTree = "<group>";
		};
		836821661CC50AF5004C43C1 /* Configs */ = {
			isa = PBXGroup;
			children = (
				83F88C461CC60C9A005B4786 /* BonConfig.swift */,
			);
			name = Configs;
			sourceTree = "<group>";
		};
		838150A31CCA76D2001B7009 /* Info */ = {
			isa = PBXGroup;
			children = (
				838150A41CCA7705001B7009 /* InfoViewController.swift */,
			);
			name = Info;
			sourceTree = "<group>";
		};
/* End PBXGroup section */

/* Begin PBXNativeTarget section */
		831CCABE1CC36AD100DEF69E /* Bon */ = {
			isa = PBXNativeTarget;
			buildConfigurationList = 831CCAD11CC36AD100DEF69E /* Build configuration list for PBXNativeTarget "Bon" */;
			buildPhases = (
				831CCABB1CC36AD100DEF69E /* Sources */,
				831CCABC1CC36AD100DEF69E /* Frameworks */,
				831CCABD1CC36AD100DEF69E /* Resources */,
				831CCAD81CC36E7A00DEF69E /* ShellScript */,
			);
			buildRules = (
			);
			dependencies = (
			);
			name = Bon;
			productName = Bon;
			productReference = 831CCABF1CC36AD100DEF69E /* Bon.app */;
			productType = "com.apple.product-type.application";
		};
/* End PBXNativeTarget section */

/* Begin PBXProject section */
		831CCAB71CC36AD100DEF69E /* Project object */ = {
			isa = PBXProject;
			attributes = {
				LastSwiftUpdateCheck = 0730;
				LastUpgradeCheck = 0730;
				ORGANIZATIONNAME = Chris;
				TargetAttributes = {
					831CCABE1CC36AD100DEF69E = {
						CreatedOnToolsVersion = 7.3;
						DevelopmentTeam = RP63UHZLK9;
						SystemCapabilities = {
							com.apple.Keychain = {
								enabled = 0;
							};
						};
					};
				};
			};
			buildConfigurationList = 831CCABA1CC36AD100DEF69E /* Build configuration list for PBXProject "Bon" */;
			compatibilityVersion = "Xcode 3.2";
			developmentRegion = English;
			hasScannedForEncodings = 0;
			knownRegions = (
				en,
				Base,
			);
			mainGroup = 831CCAB61CC36AD100DEF69E;
			productRefGroup = 831CCAC01CC36AD100DEF69E /* Products */;
			projectDirPath = "";
			projectRoot = "";
			targets = (
				831CCABE1CC36AD100DEF69E /* Bon */,
			);
		};
/* End PBXProject section */

/* Begin PBXResourcesBuildPhase section */
		831CCABD1CC36AD100DEF69E /* Resources */ = {
			isa = PBXResourcesBuildPhase;
			buildActionMask = 2147483647;
			files = (
				8368215E1CC4F5D7004C43C1 /* Main.storyboard in Resources */,
				831CCACD1CC36AD100DEF69E /* LaunchScreen.storyboard in Resources */,
				831CCACA1CC36AD100DEF69E /* Assets.xcassets in Resources */,
				83F62AED1CCD196F00484E60 /* Settings.storyboard in Resources */,
			);
			runOnlyForDeploymentPostprocessing = 0;
		};
/* End PBXResourcesBuildPhase section */

/* Begin PBXShellScriptBuildPhase section */
		831CCAD81CC36E7A00DEF69E /* ShellScript */ = {
			isa = PBXShellScriptBuildPhase;
			buildActionMask = 2147483647;
			files = (
			);
			inputPaths = (
				"$(SRCROOT)/Carthage/Build/iOS/Alamofire.framework",
				"$(SRCROOT)/Carthage/Build/iOS/Fuzi.framework",
				"$(SRCROOT)/Carthage/Build/iOS/AlamofireImage.framework",
			);
			outputPaths = (
			);
			runOnlyForDeploymentPostprocessing = 0;
			shellPath = /bin/sh;
			shellScript = "/usr/local/bin/carthage copy-frameworks";
		};
/* End PBXShellScriptBuildPhase section */

/* Begin PBXSourcesBuildPhase section */
		831CCABB1CC36AD100DEF69E /* Sources */ = {
			isa = PBXSourcesBuildPhase;
			buildActionMask = 2147483647;
			files = (
				83F88C4D1CC610F5005B4786 /* BonUserDefaults.swift in Sources */,
				834783801CDE2A03001FE820 /* Double+Bon.swift in Sources */,
				83F62AEB1CCCF31E00484E60 /* UIButton+Bon.swift in Sources */,
				838150A51CCA7705001B7009 /* InfoViewController.swift in Sources */,
				8337B9D61D04246900173E44 /* SelfServiceViewController.swift in Sources */,
				836276381CC627380010D34B /* UsedDataRateViewController.swift in Sources */,
				831CCAC51CC36AD100DEF69E /* LoginViewController.swift in Sources */,
				8362764C1CC71B4F0010D34B /* UIColor+Bon.swift in Sources */,
				836276451CC71A2A0010D34B /* SettingsViewController.swift in Sources */,
				8362763C1CC62CF40010D34B /* WaveLoadingIndicator.swift in Sources */,
				8362764F1CC72F370010D34B /* ProfileViewController.swift in Sources */,
				83F88C471CC60C9A005B4786 /* BonConfig.swift in Sources */,
				8368215C1CC4F4F3004C43C1 /* BonAlert.swift in Sources */,
				83A464D41CF09C09003CD677 /* BonFormat.swift in Sources */,
				838150A21CCA73F1001B7009 /* NSDate+Bon.swift in Sources */,
				831CCAC31CC36AD100DEF69E /* AppDelegate.swift in Sources */,
				83F62AE71CCCD16500484E60 /* BonNetwork.swift in Sources */,
				83C5F9FC1CC93FEE00183D93 /* UILabel+Bon.swift in Sources */,
				83F88C451CC5FD03005B4786 /* BonRegex.swift in Sources */,
				836276481CC71A420010D34B /* AboutViewController.swift in Sources */,
				836821651CC502A3004C43C1 /* String+Bon.swift in Sources */,
				831CCADB1CC36F0B00DEF69E /* BIT.swift in Sources */,
				83C5F9F61CC92B3C00183D93 /* BonNavigationController.swift in Sources */,
				83F88C431CC5FAFD005B4786 /* BonDelay.swift in Sources */,
			);
			runOnlyForDeploymentPostprocessing = 0;
		};
/* End PBXSourcesBuildPhase section */

/* Begin PBXVariantGroup section */
		831CCACB1CC36AD100DEF69E /* LaunchScreen.storyboard */ = {
			isa = PBXVariantGroup;
			children = (
				831CCACC1CC36AD100DEF69E /* Base */,
			);
			name = LaunchScreen.storyboard;
			sourceTree = "<group>";
		};
/* End PBXVariantGroup section */

/* Begin XCBuildConfiguration section */
		831CCACF1CC36AD100DEF69E /* Debug */ = {
			isa = XCBuildConfiguration;
			buildSettings = {
				ALWAYS_SEARCH_USER_PATHS = NO;
				CLANG_ANALYZER_NONNULL = YES;
				CLANG_CXX_LANGUAGE_STANDARD = "gnu++0x";
				CLANG_CXX_LIBRARY = "libc++";
				CLANG_ENABLE_MODULES = YES;
				CLANG_ENABLE_OBJC_ARC = YES;
				CLANG_WARN_BOOL_CONVERSION = YES;
				CLANG_WARN_CONSTANT_CONVERSION = YES;
				CLANG_WARN_DIRECT_OBJC_ISA_USAGE = YES_ERROR;
				CLANG_WARN_EMPTY_BODY = YES;
				CLANG_WARN_ENUM_CONVERSION = YES;
				CLANG_WARN_INT_CONVERSION = YES;
				CLANG_WARN_OBJC_ROOT_CLASS = YES_ERROR;
				CLANG_WARN_UNREACHABLE_CODE = YES;
				CLANG_WARN__DUPLICATE_METHOD_MATCH = YES;
				"CODE_SIGN_IDENTITY[sdk=iphoneos*]" = "iPhone Developer";
				COPY_PHASE_STRIP = NO;
				DEBUG_INFORMATION_FORMAT = dwarf;
				ENABLE_STRICT_OBJC_MSGSEND = YES;
				ENABLE_TESTABILITY = YES;
				GCC_C_LANGUAGE_STANDARD = gnu99;
				GCC_DYNAMIC_NO_PIC = NO;
				GCC_NO_COMMON_BLOCKS = YES;
				GCC_OPTIMIZATION_LEVEL = 0;
				GCC_PREPROCESSOR_DEFINITIONS = (
					"DEBUG=1",
					"$(inherited)",
				);
				GCC_WARN_64_TO_32_BIT_CONVERSION = YES;
				GCC_WARN_ABOUT_RETURN_TYPE = YES_ERROR;
				GCC_WARN_UNDECLARED_SELECTOR = YES;
				GCC_WARN_UNINITIALIZED_AUTOS = YES_AGGRESSIVE;
				GCC_WARN_UNUSED_FUNCTION = YES;
				GCC_WARN_UNUSED_VARIABLE = YES;
				HEADER_SEARCH_PATHS = "$(SDKROOT)/usr/include/libxml2";
				IPHONEOS_DEPLOYMENT_TARGET = 9.3;
				MTL_ENABLE_DEBUG_INFO = YES;
				ONLY_ACTIVE_ARCH = YES;
				SDKROOT = iphoneos;
				SWIFT_OPTIMIZATION_LEVEL = "-Onone";
				TARGETED_DEVICE_FAMILY = "1,2";
			};
			name = Debug;
		};
		831CCAD01CC36AD100DEF69E /* Release */ = {
			isa = XCBuildConfiguration;
			buildSettings = {
				ALWAYS_SEARCH_USER_PATHS = NO;
				CLANG_ANALYZER_NONNULL = YES;
				CLANG_CXX_LANGUAGE_STANDARD = "gnu++0x";
				CLANG_CXX_LIBRARY = "libc++";
				CLANG_ENABLE_MODULES = YES;
				CLANG_ENABLE_OBJC_ARC = YES;
				CLANG_WARN_BOOL_CONVERSION = YES;
				CLANG_WARN_CONSTANT_CONVERSION = YES;
				CLANG_WARN_DIRECT_OBJC_ISA_USAGE = YES_ERROR;
				CLANG_WARN_EMPTY_BODY = YES;
				CLANG_WARN_ENUM_CONVERSION = YES;
				CLANG_WARN_INT_CONVERSION = YES;
				CLANG_WARN_OBJC_ROOT_CLASS = YES_ERROR;
				CLANG_WARN_UNREACHABLE_CODE = YES;
				CLANG_WARN__DUPLICATE_METHOD_MATCH = YES;
				"CODE_SIGN_IDENTITY[sdk=iphoneos*]" = "iPhone Developer";
				COPY_PHASE_STRIP = NO;
				DEBUG_INFORMATION_FORMAT = "dwarf-with-dsym";
				ENABLE_NS_ASSERTIONS = NO;
				ENABLE_STRICT_OBJC_MSGSEND = YES;
				GCC_C_LANGUAGE_STANDARD = gnu99;
				GCC_NO_COMMON_BLOCKS = YES;
				GCC_WARN_64_TO_32_BIT_CONVERSION = YES;
				GCC_WARN_ABOUT_RETURN_TYPE = YES_ERROR;
				GCC_WARN_UNDECLARED_SELECTOR = YES;
				GCC_WARN_UNINITIALIZED_AUTOS = YES_AGGRESSIVE;
				GCC_WARN_UNUSED_FUNCTION = YES;
				GCC_WARN_UNUSED_VARIABLE = YES;
				HEADER_SEARCH_PATHS = "$(SDKROOT)/usr/include/libxml2";
				IPHONEOS_DEPLOYMENT_TARGET = 9.3;
				MTL_ENABLE_DEBUG_INFO = NO;
				SDKROOT = iphoneos;
				TARGETED_DEVICE_FAMILY = "1,2";
				VALIDATE_PRODUCT = YES;
			};
			name = Release;
		};
		831CCAD21CC36AD100DEF69E /* Debug */ = {
			isa = XCBuildConfiguration;
			buildSettings = {
				ASSETCATALOG_COMPILER_APPICON_NAME = AppIcon;
				FRAMEWORK_SEARCH_PATHS = (
					"$(inherited)",
					"$(PROJECT_DIR)/Carthage/Build/iOS",
				);
				INFOPLIST_FILE = Bon/Info.plist;
				LD_RUNPATH_SEARCH_PATHS = "$(inherited) @executable_path/Frameworks";
				PRODUCT_BUNDLE_IDENTIFIER = com.chriskuei.BIT.Bon;
				PRODUCT_NAME = "$(TARGET_NAME)";
			};
			name = Debug;
		};
		831CCAD31CC36AD100DEF69E /* Release */ = {
			isa = XCBuildConfiguration;
			buildSettings = {
				ASSETCATALOG_COMPILER_APPICON_NAME = AppIcon;
				FRAMEWORK_SEARCH_PATHS = (
					"$(inherited)",
					"$(PROJECT_DIR)/Carthage/Build/iOS",
				);
				INFOPLIST_FILE = Bon/Info.plist;
				LD_RUNPATH_SEARCH_PATHS = "$(inherited) @executable_path/Frameworks";
				PRODUCT_BUNDLE_IDENTIFIER = com.chriskuei.BIT.Bon;
				PRODUCT_NAME = "$(TARGET_NAME)";
			};
			name = Release;
		};
/* End XCBuildConfiguration section */

/* Begin XCConfigurationList section */
		831CCABA1CC36AD100DEF69E /* Build configuration list for PBXProject "Bon" */ = {
			isa = XCConfigurationList;
			buildConfigurations = (
				831CCACF1CC36AD100DEF69E /* Debug */,
				831CCAD01CC36AD100DEF69E /* Release */,
			);
			defaultConfigurationIsVisible = 0;
			defaultConfigurationName = Release;
		};
		831CCAD11CC36AD100DEF69E /* Build configuration list for PBXNativeTarget "Bon" */ = {
			isa = XCConfigurationList;
			buildConfigurations = (
				831CCAD21CC36AD100DEF69E /* Debug */,
				831CCAD31CC36AD100DEF69E /* Release */,
			);
			defaultConfigurationIsVisible = 0;
			defaultConfigurationName = Release;
		};
/* End XCConfigurationList section */
	};
	rootObject = 831CCAB71CC36AD100DEF69E /* Project object */;
}
